
Microsoft Visual Studio Solution File, Format Version 12.00
# Visual Studio Version 17
VisualStudioVersion = 17.13.35828.75
MinimumVisualStudioVersion = 10.0.40219.1
Project("{FAE04EC0-301F-11D3-BF4B-00C04F79EFBC}") = "lab61t", "lab61t\lab61t.csproj", "{EBD3DCF5-EE06-404D-B9AE-B23EAD2BF78B}"
EndProject
Project("{FAE04EC0-301F-11D3-BF4B-00C04F79EFBC}") = "lab6t2", "lab6t2\lab6t2.csproj", "{A66FC497-6013-4176-8D7E-16FCF5D12471}"
EndProject
Project("{FAE04EC0-301F-11D3-BF4B-00C04F79EFBC}") = "lab6t3", "lab6t3\lab6t3.csproj", "{19138059-609D-4607-9745-1308735D6365}"
EndProject
Project("{FAE04EC0-301F-11D3-BF4B-00C04F79EFBC}") = "lab6t4", "lab6t4\lab6t4.csproj", "{AE904462-630F-4EB8-ABB5-401583FA5CA7}"
EndProject
Project("{FAE04EC0-301F-11D3-BF4B-00C04F79EFBC}") = "lab6t5", "lab6t5\lab6t5.csproj", "{40326EF1-A31D-42F2-B43B-C263AF8BBCA9}"
EndProject
Project("{FAE04EC0-301F-11D3-BF4B-00C04F79EFBC}") = "lab6t6", "lab6t6\lab6t6.csproj", "{A4954979-27B7-4AD1-83DC-CF0D6E0AB009}"
EndProject
Project("{FAE04EC0-301F-11D3-BF4B-00C04F79EFBC}") = "lab6t7", "lab6t7\lab6t7.csproj", "{CA5FBA81-1763-41C1-A002-6F8DE469153A}"
EndProject
Project("{FAE04EC0-301F-11D3-BF4B-00C04F79EFBC}") = "lab6t8", "lab6t8\lab6t8.csproj", "{6E985B8E-755F-4553-9A7A-4320D9B5DF79}"
EndProject
Project("{FAE04EC0-301F-11D3-BF4B-00C04F79EFBC}") = "lab6t9", "lab6t9\lab6t9.csproj", "{D66B0B79-23F8-4458-B0B2-22C6FAFAD05D}"
EndProject
Project("{FAE04EC0-301F-11D3-BF4B-00C04F79EFBC}") = "lab6t10", "lab6t10\lab6t10.csproj", "{FE44ECB8-5AF8-45DB-9CE7-44C18A2E7009}"
EndProject
Project("{FAE04EC0-301F-11D3-BF4B-00C04F79EFBC}") = "lab6t11", "lab6t11\lab6t11.csproj", "{4612ACC9-ED90-4C4D-9DF2-3F5C585431FC}"
EndProject
Project("{FAE04EC0-301F-11D3-BF4B-00C04F79EFBC}") = "lab6t12", "lab6t12\lab6t12.csproj", "{602C99B8-B7FA-4EC0-AA7A-D130D4B164F9}"
EndProject
Project("{FAE04EC0-301F-11D3-BF4B-00C04F79EFBC}") = "lab6t13", "lab6t13\lab6t13.csproj", "{4D1DCC11-76F4-448E-9527-0D3D04D8F576}"
EndProject
Project("{FAE04EC0-301F-11D3-BF4B-00C04F79EFBC}") = "lab6t14", "lab6t14\lab6t14.csproj", "{1FB67758-2B4D-4992-8D72-1C4448DE2FBF}"
EndProject
Project("{FAE04EC0-301F-11D3-BF4B-00C04F79EFBC}") = "lab6t15", "lab6t15\lab6t15.csproj", "{D2334309-60DA-48CB-A01C-3CD088AA72C4}"
EndProject
Project("{FAE04EC0-301F-11D3-BF4B-00C04F79EFBC}") = "lab6t16", "lab6t16\lab6t16.csproj", "{2ECD6141-FAA5-418B-B4EC-CDAD43EB35F7}"
EndProject
Project("{FAE04EC0-301F-11D3-BF4B-00C04F79EFBC}") = "lab6t17", "lab6t17\lab6t17.csproj", "{5AD2461E-50A8-43F1-8D5A-3C6CD79DAB52}"
EndProject
Project("{FAE04EC0-301F-11D3-BF4B-00C04F79EFBC}") = "lab6t18", "lab6t18\lab6t18.csproj", "{23245754-1B26-4754-865F-0CDD9C71CD38}"
EndProject
Project("{FAE04EC0-301F-11D3-BF4B-00C04F79EFBC}") = "lab6t19", "lab6t19\lab6t19.csproj", "{524CE1A7-A29B-4933-B5E1-523EDFB4E816}"
EndProject
Project("{FAE04EC0-301F-11D3-BF4B-00C04F79EFBC}") = "lab6t20", "lab6t20\lab6t20.csproj", "{0F890BE5-80F4-4E42-8086-E575D9BF2234}"
EndProject
Project("{FAE04EC0-301F-11D3-BF4B-00C04F79EFBC}") = "lab6t21", "lab6t21\lab6t21.csproj", "{361CDEC9-79DA-401C-9014-13D2EEDC06A0}"
EndProject
Project("{FAE04EC0-301F-11D3-BF4B-00C04F79EFBC}") = "lab6t22", "lab6t22\lab6t22.csproj", "{07CF9B3B-39FB-43E3-BCC9-69BA15BF23EA}"
EndProject
Project("{FAE04EC0-301F-11D3-BF4B-00C04F79EFBC}") = "lab6t23", "lab6t23\lab6t23.csproj", "{1D9C89FD-E6A1-498D-96E0-81613C762E6D}"
EndProject
Global
	GlobalSection(SolutionConfigurationPlatforms) = preSolution
		Debug|Any CPU = Debug|Any CPU
		Release|Any CPU = Release|Any CPU
	EndGlobalSection
	GlobalSection(ProjectConfigurationPlatforms) = postSolution
		{EBD3DCF5-EE06-404D-B9AE-B23EAD2BF78B}.Debug|Any CPU.ActiveCfg = Debug|Any CPU
		{EBD3DCF5-EE06-404D-B9AE-B23EAD2BF78B}.Debug|Any CPU.Build.0 = Debug|Any CPU
		{EBD3DCF5-EE06-404D-B9AE-B23EAD2BF78B}.Release|Any CPU.ActiveCfg = Release|Any CPU
		{EBD3DCF5-EE06-404D-B9AE-B23EAD2BF78B}.Release|Any CPU.Build.0 = Release|Any CPU
		{A66FC497-6013-4176-8D7E-16FCF5D12471}.Debug|Any CPU.ActiveCfg = Debug|Any CPU
		{A66FC497-6013-4176-8D7E-16FCF5D12471}.Debug|Any CPU.Build.0 = Debug|Any CPU
		{A66FC497-6013-4176-8D7E-16FCF5D12471}.Release|Any CPU.ActiveCfg = Release|Any CPU
		{A66FC497-6013-4176-8D7E-16FCF5D12471}.Release|Any CPU.Build.0 = Release|Any CPU
		{19138059-609D-4607-9745-1308735D6365}.Debug|Any CPU.ActiveCfg = Debug|Any CPU
		{19138059-609D-4607-9745-1308735D6365}.Debug|Any CPU.Build.0 = Debug|Any CPU
		{19138059-609D-4607-9745-1308735D6365}.Release|Any CPU.ActiveCfg = Release|Any CPU
		{19138059-609D-4607-9745-1308735D6365}.Release|Any CPU.Build.0 = Release|Any CPU
		{AE904462-630F-4EB8-ABB5-401583FA5CA7}.Debug|Any CPU.ActiveCfg = Debug|Any CPU
		{AE904462-630F-4EB8-ABB5-401583FA5CA7}.Debug|Any CPU.Build.0 = Debug|Any CPU
		{AE904462-630F-4EB8-ABB5-401583FA5CA7}.Release|Any CPU.ActiveCfg = Release|Any CPU
		{AE904462-630F-4EB8-ABB5-401583FA5CA7}.Release|Any CPU.Build.0 = Release|Any CPU
		{40326EF1-A31D-42F2-B43B-C263AF8BBCA9}.Debug|Any CPU.ActiveCfg = Debug|Any CPU
		{40326EF1-A31D-42F2-B43B-C263AF8BBCA9}.Debug|Any CPU.Build.0 = Debug|Any CPU
		{40326EF1-A31D-42F2-B43B-C263AF8BBCA9}.Release|Any CPU.ActiveCfg = Release|Any CPU
		{40326EF1-A31D-42F2-B43B-C263AF8BBCA9}.Release|Any CPU.Build.0 = Release|Any CPU
		{A4954979-27B7-4AD1-83DC-CF0D6E0AB009}.Debug|Any CPU.ActiveCfg = Debug|Any CPU
		{A4954979-27B7-4AD1-83DC-CF0D6E0AB009}.Debug|Any CPU.Build.0 = Debug|Any CPU
		{A4954979-27B7-4AD1-83DC-CF0D6E0AB009}.Release|Any CPU.ActiveCfg = Release|Any CPU
		{A4954979-27B7-4AD1-83DC-CF0D6E0AB009}.Release|Any CPU.Build.0 = Release|Any CPU
		{CA5FBA81-1763-41C1-A002-6F8DE469153A}.Debug|Any CPU.ActiveCfg = Debug|Any CPU
		{CA5FBA81-1763-41C1-A002-6F8DE469153A}.Debug|Any CPU.Build.0 = Debug|Any CPU
		{CA5FBA81-1763-41C1-A002-6F8DE469153A}.Release|Any CPU.ActiveCfg = Release|Any CPU
		{CA5FBA81-1763-41C1-A002-6F8DE469153A}.Release|Any CPU.Build.0 = Release|Any CPU
		{6E985B8E-755F-4553-9A7A-4320D9B5DF79}.Debug|Any CPU.ActiveCfg = Debug|Any CPU
		{6E985B8E-755F-4553-9A7A-4320D9B5DF79}.Debug|Any CPU.Build.0 = Debug|Any CPU
		{6E985B8E-755F-4553-9A7A-4320D9B5DF79}.Release|Any CPU.ActiveCfg = Release|Any CPU
		{6E985B8E-755F-4553-9A7A-4320D9B5DF79}.Release|Any CPU.Build.0 = Release|Any CPU
		{D66B0B79-23F8-4458-B0B2-22C6FAFAD05D}.Debug|Any CPU.ActiveCfg = Debug|Any CPU
		{D66B0B79-23F8-4458-B0B2-22C6FAFAD05D}.Debug|Any CPU.Build.0 = Debug|Any CPU
		{D66B0B79-23F8-4458-B0B2-22C6FAFAD05D}.Release|Any CPU.ActiveCfg = Release|Any CPU
		{D66B0B79-23F8-4458-B0B2-22C6FAFAD05D}.Release|Any CPU.Build.0 = Release|Any CPU
		{FE44ECB8-5AF8-45DB-9CE7-44C18A2E7009}.Debug|Any CPU.ActiveCfg = Debug|Any CPU
		{FE44ECB8-5AF8-45DB-9CE7-44C18A2E7009}.Debug|Any CPU.Build.0 = Debug|Any CPU
		{FE44ECB8-5AF8-45DB-9CE7-44C18A2E7009}.Release|Any CPU.ActiveCfg = Release|Any CPU
		{FE44ECB8-5AF8-45DB-9CE7-44C18A2E7009}.Release|Any CPU.Build.0 = Release|Any CPU
		{4612ACC9-ED90-4C4D-9DF2-3F5C585431FC}.Debug|Any CPU.ActiveCfg = Debug|Any CPU
		{4612ACC9-ED90-4C4D-9DF2-3F5C585431FC}.Debug|Any CPU.Build.0 = Debug|Any CPU
		{4612ACC9-ED90-4C4D-9DF2-3F5C585431FC}.Release|Any CPU.ActiveCfg = Release|Any CPU
		{4612ACC9-ED90-4C4D-9DF2-3F5C585431FC}.Release|Any CPU.Build.0 = Release|Any CPU
		{602C99B8-B7FA-4EC0-AA7A-D130D4B164F9}.Debug|Any CPU.ActiveCfg = Debug|Any CPU
		{602C99B8-B7FA-4EC0-AA7A-D130D4B164F9}.Debug|Any CPU.Build.0 = Debug|Any CPU
		{602C99B8-B7FA-4EC0-AA7A-D130D4B164F9}.Release|Any CPU.ActiveCfg = Release|Any CPU
		{602C99B8-B7FA-4EC0-AA7A-D130D4B164F9}.Release|Any CPU.Build.0 = Release|Any CPU
		{4D1DCC11-76F4-448E-9527-0D3D04D8F576}.Debug|Any CPU.ActiveCfg = Debug|Any CPU
		{4D1DCC11-76F4-448E-9527-0D3D04D8F576}.Debug|Any CPU.Build.0 = Debug|Any CPU
		{4D1DCC11-76F4-448E-9527-0D3D04D8F576}.Release|Any CPU.ActiveCfg = Release|Any CPU
		{4D1DCC11-76F4-448E-9527-0D3D04D8F576}.Release|Any CPU.Build.0 = Release|Any CPU
		{1FB67758-2B4D-4992-8D72-1C4448DE2FBF}.Debug|Any CPU.ActiveCfg = Debug|Any CPU
		{1FB67758-2B4D-4992-8D72-1C4448DE2FBF}.Debug|Any CPU.Build.0 = Debug|Any CPU
		{1FB67758-2B4D-4992-8D72-1C4448DE2FBF}.Release|Any CPU.ActiveCfg = Release|Any CPU
		{1FB67758-2B4D-4992-8D72-1C4448DE2FBF}.Release|Any CPU.Build.0 = Release|Any CPU
		{D2334309-60DA-48CB-A01C-3CD088AA72C4}.Debug|Any CPU.ActiveCfg = Debug|Any CPU
		{D2334309-60DA-48CB-A01C-3CD088AA72C4}.Debug|Any CPU.Build.0 = Debug|Any CPU
		{D2334309-60DA-48CB-A01C-3CD088AA72C4}.Release|Any CPU.ActiveCfg = Release|Any CPU
		{D2334309-60DA-48CB-A01C-3CD088AA72C4}.Release|Any CPU.Build.0 = Release|Any CPU
		{2ECD6141-FAA5-418B-B4EC-CDAD43EB35F7}.Debug|Any CPU.ActiveCfg = Debug|Any CPU
		{2ECD6141-FAA5-418B-B4EC-CDAD43EB35F7}.Debug|Any CPU.Build.0 = Debug|Any CPU
		{2ECD6141-FAA5-418B-B4EC-CDAD43EB35F7}.Release|Any CPU.ActiveCfg = Release|Any CPU
		{2ECD6141-FAA5-418B-B4EC-CDAD43EB35F7}.Release|Any CPU.Build.0 = Release|Any CPU
		{5AD2461E-50A8-43F1-8D5A-3C6CD79DAB52}.Debug|Any CPU.ActiveCfg = Debug|Any CPU
		{5AD2461E-50A8-43F1-8D5A-3C6CD79DAB52}.Debug|Any CPU.Build.0 = Debug|Any CPU
		{5AD2461E-50A8-43F1-8D5A-3C6CD79DAB52}.Release|Any CPU.ActiveCfg = Release|Any CPU
		{5AD2461E-50A8-43F1-8D5A-3C6CD79DAB52}.Release|Any CPU.Build.0 = Release|Any CPU
		{23245754-1B26-4754-865F-0CDD9C71CD38}.Debug|Any CPU.ActiveCfg = Debug|Any CPU
		{23245754-1B26-4754-865F-0CDD9C71CD38}.Debug|Any CPU.Build.0 = Debug|Any CPU
		{23245754-1B26-4754-865F-0CDD9C71CD38}.Release|Any CPU.ActiveCfg = Release|Any CPU
		{23245754-1B26-4754-865F-0CDD9C71CD38}.Release|Any CPU.Build.0 = Release|Any CPU
		{524CE1A7-A29B-4933-B5E1-523EDFB4E816}.Debug|Any CPU.ActiveCfg = Debug|Any CPU
		{524CE1A7-A29B-4933-B5E1-523EDFB4E816}.Debug|Any CPU.Build.0 = Debug|Any CPU
		{524CE1A7-A29B-4933-B5E1-523EDFB4E816}.Release|Any CPU.ActiveCfg = Release|Any CPU
		{524CE1A7-A29B-4933-B5E1-523EDFB4E816}.Release|Any CPU.Build.0 = Release|Any CPU
		{0F890BE5-80F4-4E42-8086-E575D9BF2234}.Debug|Any CPU.ActiveCfg = Debug|Any CPU
		{0F890BE5-80F4-4E42-8086-E575D9BF2234}.Debug|Any CPU.Build.0 = Debug|Any CPU
		{0F890BE5-80F4-4E42-8086-E575D9BF2234}.Release|Any CPU.ActiveCfg = Release|Any CPU
		{0F890BE5-80F4-4E42-8086-E575D9BF2234}.Release|Any CPU.Build.0 = Release|Any CPU
		{361CDEC9-79DA-401C-9014-13D2EEDC06A0}.Debug|Any CPU.ActiveCfg = Debug|Any CPU
		{361CDEC9-79DA-401C-9014-13D2EEDC06A0}.Debug|Any CPU.Build.0 = Debug|Any CPU
		{361CDEC9-79DA-401C-9014-13D2EEDC06A0}.Release|Any CPU.ActiveCfg = Release|Any CPU
		{361CDEC9-79DA-401C-9014-13D2EEDC06A0}.Release|Any CPU.Build.0 = Release|Any CPU
		{07CF9B3B-39FB-43E3-BCC9-69BA15BF23EA}.Debug|Any CPU.ActiveCfg = Debug|Any CPU
		{07CF9B3B-39FB-43E3-BCC9-69BA15BF23EA}.Debug|Any CPU.Build.0 = Debug|Any CPU
		{07CF9B3B-39FB-43E3-BCC9-69BA15BF23EA}.Release|Any CPU.ActiveCfg = Release|Any CPU
		{07CF9B3B-39FB-43E3-BCC9-69BA15BF23EA}.Release|Any CPU.Build.0 = Release|Any CPU
		{1D9C89FD-E6A1-498D-96E0-81613C762E6D}.Debug|Any CPU.ActiveCfg = Debug|Any CPU
		{1D9C89FD-E6A1-498D-96E0-81613C762E6D}.Debug|Any CPU.Build.0 = Debug|Any CPU
		{1D9C89FD-E6A1-498D-96E0-81613C762E6D}.Release|Any CPU.ActiveCfg = Release|Any CPU
		{1D9C89FD-E6A1-498D-96E0-81613C762E6D}.Release|Any CPU.Build.0 = Release|Any CPU
	EndGlobalSection
	GlobalSection(SolutionProperties) = preSolution
		HideSolutionNode = FALSE
	EndGlobalSection
	GlobalSection(ExtensibilityGlobals) = postSolution
		SolutionGuid = {AD940E12-42CD-4C7E-B3B3-0FF5BF39BB3C}
	EndGlobalSection
EndGlobal
